<Solution>
  <Project Path="../ConnectionManager/ConnectionManager.csproj" />
  <Project Path="../FileQueryEngine.IntegrationTests/FileQueryEngine.IntegrationTests.csproj" />
  <Project Path="../FileQueryEngine.Tests/FileQueryEngine.Tests.csproj" />
  <Project Path="../FileQueryEngine/FileQueryEngine.csproj" />
  <Project Path="../QueryExecutor.ContainerTests/QueryExecutor.ContainerTests.csproj" />
  <Project Path="../QueryExecutor.IntegrationTests/QueryExecutor.IntegrationTests.csproj" />
  <Project Path="../QueryExecutor.Tests/QueryExecutorTests.Tests.csproj" />
  <Project Path="../QueryHistory/QueryHistory.csproj" />
  <Project Path="../SchemaExplorer.IntegrationTests/SchemaExplorer.IntegrationTests.csproj" />
  <Project Path="../SchemaExplorer.Tests/SchemaExplorer.Tests.csproj" />
  <Project Path="../SchemaExplorer/SchemaExplorer.csproj" />
  <Project Path="../SshTunnel/SshTunnel.csproj" />
  <Project Path="QueryExecutor.csproj" />
</Solution>
